{
  "version": 4,
  "terraform_version": "1.6.1",
  "serial": 14,
  "lineage": "7b6cda4d-b5c8-8c8e-88e6-3a13981a5b2b",
  "outputs": {
    "aws_ec2_info": {
      "value": 4,
      "type": "number"
    },
    "devops": {
      "value": "Manpreet-Singh-MASPR",
      "type": "string"
    }
  },
  "resources": [
    {
      "mode": "managed",
      "type": "local_file",
      "name": "devops",
      "provider": "provider[\"registry.terraform.io/hashicorp/local\"]",
      "instances": [
        {
          "schema_version": 0,
          "attributes": {
            "content": "This is a sample text with map type",
            "content_base64": null,
            "content_base64sha256": "dafSZXYPy5d2zJ+8YDKWvt/DH4SMikt+NChlMYe8amo=",
            "content_base64sha512": "aKl16ik6YmwTqp4oBCUysLYdUCzjD86tC+XKxUi61T9u5Xn4pu6EPHcGIEjiP2b8CpdBOLIjsiVDOdFoBgW1Xw==",
            "content_md5": "eca558ebf6ea8ff13a7b4a892c8063eb",
            "content_sha1": "5355e83f3145003f78bf0786a9de74d81c1fdcaa",
            "content_sha256": "75a7d265760fcb9776cc9fbc603296bedfc31f848c8a4b7e3428653187bc6a6a",
            "content_sha512": "68a975ea293a626c13aa9e28042532b0b61d502ce30fcead0be5cac548bad53f6ee579f8a6ee843c77062048e23f66fc0a974138b223b2254339d1680605b55f",
            "directory_permission": "0777",
            "file_permission": "0777",
            "filename": "/home/ubuntu/terraform-builder/terraform-variables/devops_test.txt",
            "id": "5355e83f3145003f78bf0786a9de74d81c1fdcaa",
            "sensitive_content": null,
            "source": null
          },
          "sensitive_attributes": []
        }
      ]
    },
    {
      "mode": "managed",
      "type": "local_file",
      "name": "devops-var",
      "provider": "provider[\"registry.terraform.io/hashicorp/local\"]",
      "instances": [
        {
          "schema_version": 0,
          "attributes": {
            "content": "This is a sample text 2 with map type",
            "content_base64": null,
            "content_base64sha256": "UjK48yORZkXEQdiICCjhRoHSSvw5YqYYvYF/einlV5k=",
            "content_base64sha512": "SOIYOdqeA2/+PbYp9jnhqdK9vOd4pT8s9BNwxGBZEzfWv54iVxVjuMgXqF+tad1yKI7RjhnPCOf1uFjEfr7LrQ==",
            "content_md5": "7d1e2c24da27ade343e246e8a4d6e28f",
            "content_sha1": "bfc1b1afbf5d16effade3c58b62e1c2ec05ababe",
            "content_sha256": "5232b8f323916645c441d8880828e14681d24afc3962a618bd817f7a29e55799",
            "content_sha512": "48e21839da9e036ffe3db629f639e1a9d2bdbce778a53f2cf41370c460591337d6bf9e22571563b8c817a85fad69dd72288ed18e19cf08e7f5b858c47ebecbad",
            "directory_permission": "0777",
            "file_permission": "0777",
            "filename": "/home/ubuntu/terraform-builder/terraform-variables/devops-automated.txt",
            "id": "bfc1b1afbf5d16effade3c58b62e1c2ec05ababe",
            "sensitive_content": null,
            "source": null
          },
          "sensitive_attributes": []
        }
      ]
    },
    {
      "mode": "managed",
      "type": "local_file",
      "name": "list-var",
      "provider": "provider[\"registry.terraform.io/hashicorp/local\"]",
      "instances": [
        {
          "schema_version": 0,
          "attributes": {
            "content": "This is a sample text with map type",
            "content_base64": null,
            "content_base64sha256": "dafSZXYPy5d2zJ+8YDKWvt/DH4SMikt+NChlMYe8amo=",
            "content_base64sha512": "aKl16ik6YmwTqp4oBCUysLYdUCzjD86tC+XKxUi61T9u5Xn4pu6EPHcGIEjiP2b8CpdBOLIjsiVDOdFoBgW1Xw==",
            "content_md5": "eca558ebf6ea8ff13a7b4a892c8063eb",
            "content_sha1": "5355e83f3145003f78bf0786a9de74d81c1fdcaa",
            "content_sha256": "75a7d265760fcb9776cc9fbc603296bedfc31f848c8a4b7e3428653187bc6a6a",
            "content_sha512": "68a975ea293a626c13aa9e28042532b0b61d502ce30fcead0be5cac548bad53f6ee579f8a6ee843c77062048e23f66fc0a974138b223b2254339d1680605b55f",
            "directory_permission": "0777",
            "file_permission": "0777",
            "filename": "/home/ubuntu/terraform-builder/terraform-variables/file_1.txt",
            "id": "5355e83f3145003f78bf0786a9de74d81c1fdcaa",
            "sensitive_content": null,
            "source": null
          },
          "sensitive_attributes": []
        }
      ]
    },
    {
      "mode": "managed",
      "type": "local_file",
      "name": "list-var-2",
      "provider": "provider[\"registry.terraform.io/hashicorp/local\"]",
      "instances": [
        {
          "schema_version": 0,
          "attributes": {
            "content": "This is a sample text 2 with map type",
            "content_base64": null,
            "content_base64sha256": "UjK48yORZkXEQdiICCjhRoHSSvw5YqYYvYF/einlV5k=",
            "content_base64sha512": "SOIYOdqeA2/+PbYp9jnhqdK9vOd4pT8s9BNwxGBZEzfWv54iVxVjuMgXqF+tad1yKI7RjhnPCOf1uFjEfr7LrQ==",
            "content_md5": "7d1e2c24da27ade343e246e8a4d6e28f",
            "content_sha1": "bfc1b1afbf5d16effade3c58b62e1c2ec05ababe",
            "content_sha256": "5232b8f323916645c441d8880828e14681d24afc3962a618bd817f7a29e55799",
            "content_sha512": "48e21839da9e036ffe3db629f639e1a9d2bdbce778a53f2cf41370c460591337d6bf9e22571563b8c817a85fad69dd72288ed18e19cf08e7f5b858c47ebecbad",
            "directory_permission": "0777",
            "file_permission": "0777",
            "filename": "/home/ubuntu/terraform-builder/terraform-variables/file_2.txt",
            "id": "bfc1b1afbf5d16effade3c58b62e1c2ec05ababe",
            "sensitive_content": null,
            "source": null
          },
          "sensitive_attributes": []
        }
      ]
    }
  ],
  "check_results": null
}
